
Microsoft Visual Studio Solution File, Format Version 12.00
# Visual Studio Version 17
VisualStudioVersion = 17.10.35027.167
MinimumVisualStudioVersion = 10.0.40219.1
Project("{6EC3EE1D-3C4E-46DD-8F32-0CC8E7565705}") = "MyFSharpApp", "MyFSharpApp\MyFSharpApp.fsproj", "{39B168B1-DD4C-4F01-9927-168D279CDAE7}"
EndProject
Global
	GlobalSection(SolutionConfigurationPlatforms) = preSolution
		Debug|Any CPU = Debug|Any CPU
		Release|Any CPU = Release|Any CPU
	EndGlobalSection
	GlobalSection(ProjectConfigurationPlatforms) = postSolution
		{39B168B1-DD4C-4F01-9927-168D279CDAE7}.Debug|Any CPU.ActiveCfg = Debug|Any CPU
		{39B168B1-DD4C-4F01-9927-168D279CDAE7}.Debug|Any CPU.Build.0 = Debug|Any CPU
		{39B168B1-DD4C-4F01-9927-168D279CDAE7}.Release|Any CPU.ActiveCfg = Release|Any CPU
		{39B168B1-DD4C-4F01-9927-168D279CDAE7}.Release|Any CPU.Build.0 = Release|Any CPU
	EndGlobalSection
	GlobalSection(SolutionProperties) = preSolution
		HideSolutionNode = FALSE
	EndGlobalSection
	GlobalSection(ExtensibilityGlobals) = postSolution
		SolutionGuid = {3182CB07-0B29-400B-B78B-600C7D4F04F9}
	EndGlobalSection
EndGlobal
